
Microsoft Visual Studio Solution File, Format Version 12.00
# Visual Studio 14
VisualStudioVersion = 14.0.25420.1
MinimumVisualStudioVersion = 10.0.40219.1
Project("{FAE04EC0-301F-11D3-BF4B-00C04F79EFBC}") = "Calendar", "Calendar\Calendar.csproj", "{881A7588-C5E2-4DDA-BA41-D2A0F77A7DE9}"
EndProject
Project("{2150E333-8FDC-42A3-9474-1A3956D46DE8}") = "db", "db", "{37CBADB4-BCBD-43B3-9E60-4333F6132B11}"
	ProjectSection(SolutionItems) = preProject
		db\Holidays.mdf = db\Holidays.mdf
		db\Holidays_log.ldf = db\Holidays_log.ldf
	EndProjectSection
EndProject
Global
	GlobalSection(SolutionConfigurationPlatforms) = preSolution
		Debug|Any CPU = Debug|Any CPU
		Release|Any CPU = Release|Any CPU
	EndGlobalSection
	GlobalSection(ProjectConfigurationPlatforms) = postSolution
		{881A7588-C5E2-4DDA-BA41-D2A0F77A7DE9}.Debug|Any CPU.ActiveCfg = Debug|Any CPU
		{881A7588-C5E2-4DDA-BA41-D2A0F77A7DE9}.Debug|Any CPU.Build.0 = Debug|Any CPU
		{881A7588-C5E2-4DDA-BA41-D2A0F77A7DE9}.Release|Any CPU.ActiveCfg = Release|Any CPU
		{881A7588-C5E2-4DDA-BA41-D2A0F77A7DE9}.Release|Any CPU.Build.0 = Release|Any CPU
	EndGlobalSection
	GlobalSection(SolutionProperties) = preSolution
		HideSolutionNode = FALSE
	EndGlobalSection
EndGlobal
